
Microsoft Visual Studio Solution File, Format Version 11.00
# Visual Studio 2010
Project("{FAE04EC0-301F-11D3-BF4B-00C04F79EFBC}") = "VRPlayer", "Assembly-CSharp.csproj", "{0413895D-6D4A-9275-E01F-CD95263F1845}"
EndProject
Project("{FAE04EC0-301F-11D3-BF4B-00C04F79EFBC}") = "VRPlayer", "Assembly-CSharp-Editor.csproj", "{ABBD83DA-90FD-AAAA-44B9-483B1A091E20}"
EndProject
Global
	GlobalSection(SolutionConfigurationPlatforms) = preSolution
		Debug|Any CPU = Debug|Any CPU
		Release|Any CPU = Release|Any CPU
	EndGlobalSection
	GlobalSection(ProjectConfigurationPlatforms) = postSolution
		{0413895D-6D4A-9275-E01F-CD95263F1845}.Debug|Any CPU.ActiveCfg = Debug|Any CPU
		{0413895D-6D4A-9275-E01F-CD95263F1845}.Debug|Any CPU.Build.0 = Debug|Any CPU
		{0413895D-6D4A-9275-E01F-CD95263F1845}.Release|Any CPU.ActiveCfg = Release|Any CPU
		{0413895D-6D4A-9275-E01F-CD95263F1845}.Release|Any CPU.Build.0 = Release|Any CPU
		{ABBD83DA-90FD-AAAA-44B9-483B1A091E20}.Debug|Any CPU.ActiveCfg = Debug|Any CPU
		{ABBD83DA-90FD-AAAA-44B9-483B1A091E20}.Debug|Any CPU.Build.0 = Debug|Any CPU
		{ABBD83DA-90FD-AAAA-44B9-483B1A091E20}.Release|Any CPU.ActiveCfg = Release|Any CPU
		{ABBD83DA-90FD-AAAA-44B9-483B1A091E20}.Release|Any CPU.Build.0 = Release|Any CPU
	EndGlobalSection
	GlobalSection(SolutionProperties) = preSolution
		HideSolutionNode = FALSE
	EndGlobalSection
	GlobalSection(MonoDevelopProperties) = preSolution
		StartupItem = Assembly-CSharp.csproj
	EndGlobalSection
EndGlobal
